
Microsoft Visual Studio Solution File, Format Version 12.00
# Visual Studio 15
VisualStudioVersion = 15.0.27428.2037
MinimumVisualStudioVersion = 10.0.40219.1
Project("{FAE04EC0-301F-11D3-BF4B-00C04F79EFBC}") = "ReviewMe", "ReviewMe\ReviewMe.csproj", "{48E3339C-C8A5-46DB-B96D-AB04E719BCB6}"
EndProject
Project("{FAE04EC0-301F-11D3-BF4B-00C04F79EFBC}") = "ReviewMe.Tests", "ReviewMe.Tests\ReviewMe.Tests.csproj", "{8A584369-535A-4C95-9793-97921B2C06AD}"
EndProject
Project("{9A19103F-16F7-4668-BE54-9A1E7A4F7556}") = "ReviewMe-Client", "ReviewMe-Client\ReviewMe-Client.csproj", "{3D02016A-F39D-4987-93A0-4B3886A815CA}"
EndProject
Global
	GlobalSection(SolutionConfigurationPlatforms) = preSolution
		Debug|Any CPU = Debug|Any CPU
		Release|Any CPU = Release|Any CPU
	EndGlobalSection
	GlobalSection(ProjectConfigurationPlatforms) = postSolution
		{48E3339C-C8A5-46DB-B96D-AB04E719BCB6}.Debug|Any CPU.ActiveCfg = Debug|Any CPU
		{48E3339C-C8A5-46DB-B96D-AB04E719BCB6}.Debug|Any CPU.Build.0 = Debug|Any CPU
		{48E3339C-C8A5-46DB-B96D-AB04E719BCB6}.Release|Any CPU.ActiveCfg = Release|Any CPU
		{48E3339C-C8A5-46DB-B96D-AB04E719BCB6}.Release|Any CPU.Build.0 = Release|Any CPU
		{8A584369-535A-4C95-9793-97921B2C06AD}.Debug|Any CPU.ActiveCfg = Debug|Any CPU
		{8A584369-535A-4C95-9793-97921B2C06AD}.Debug|Any CPU.Build.0 = Debug|Any CPU
		{8A584369-535A-4C95-9793-97921B2C06AD}.Release|Any CPU.ActiveCfg = Release|Any CPU
		{8A584369-535A-4C95-9793-97921B2C06AD}.Release|Any CPU.Build.0 = Release|Any CPU
		{3D02016A-F39D-4987-93A0-4B3886A815CA}.Debug|Any CPU.ActiveCfg = Debug|Any CPU
		{3D02016A-F39D-4987-93A0-4B3886A815CA}.Debug|Any CPU.Build.0 = Debug|Any CPU
		{3D02016A-F39D-4987-93A0-4B3886A815CA}.Release|Any CPU.ActiveCfg = Release|Any CPU
		{3D02016A-F39D-4987-93A0-4B3886A815CA}.Release|Any CPU.Build.0 = Release|Any CPU
	EndGlobalSection
	GlobalSection(SolutionProperties) = preSolution
		HideSolutionNode = FALSE
	EndGlobalSection
	GlobalSection(ExtensibilityGlobals) = postSolution
		SolutionGuid = {1394E2E7-A9FD-47CD-A6E6-684E7A5B8E1E}
	EndGlobalSection
EndGlobal
